
Microsoft Visual Studio Solution File, Format Version 12.00
# Visual Studio Version 17
VisualStudioVersion = 17.9.34701.34
MinimumVisualStudioVersion = 10.0.40219.1
Project("{FAE04EC0-301F-11D3-BF4B-00C04F79EFBC}") = "Ucus_Rezervasyon_Sistemi", "Ucus_Rezervasyon_Sistemi\Ucus_Rezervasyon_Sistemi.csproj", "{DFB3068C-6C77-4846-B548-01DA4ED6BFCD}"
EndProject
Global
	GlobalSection(SolutionConfigurationPlatforms) = preSolution
		Debug|Any CPU = Debug|Any CPU
		Release|Any CPU = Release|Any CPU
	EndGlobalSection
	GlobalSection(ProjectConfigurationPlatforms) = postSolution
		{DFB3068C-6C77-4846-B548-01DA4ED6BFCD}.Debug|Any CPU.ActiveCfg = Debug|Any CPU
		{DFB3068C-6C77-4846-B548-01DA4ED6BFCD}.Debug|Any CPU.Build.0 = Debug|Any CPU
		{DFB3068C-6C77-4846-B548-01DA4ED6BFCD}.Release|Any CPU.ActiveCfg = Release|Any CPU
		{DFB3068C-6C77-4846-B548-01DA4ED6BFCD}.Release|Any CPU.Build.0 = Release|Any CPU
	EndGlobalSection
	GlobalSection(SolutionProperties) = preSolution
		HideSolutionNode = FALSE
	EndGlobalSection
	GlobalSection(ExtensibilityGlobals) = postSolution
		SolutionGuid = {6BCBE101-AE68-4990-8685-26AE43A4D058}
	EndGlobalSection
EndGlobal
